// !$*UTF8*$!
{
	archiveVersion = 1;
	classes = {
	};
	objectVersion = 56;
	objects = {

/* Begin PBXBuildFile section */
		36823BC92B29696500A26180 /* usimsa_iosApp.swift in Sources */ = {isa = PBXBuildFile; fileRef = 36823BC82B29696500A26180 /* usimsa_iosApp.swift */; };
		36823BCB2B29696500A26180 /* ContentView.swift in Sources */ = {isa = PBXBuildFile; fileRef = 36823BCA2B29696500A26180 /* ContentView.swift */; };
		36823BDA2B29696600A26180 /* usimsa_iosTests.swift in Sources */ = {isa = PBXBuildFile; fileRef = 36823BD92B29696600A26180 /* usimsa_iosTests.swift */; };
		36823BE42B29696600A26180 /* usimsa_iosUITests.swift in Sources */ = {isa = PBXBuildFile; fileRef = 36823BE32B29696600A26180 /* usimsa_iosUITests.swift */; };
		36823BE62B29696600A26180 /* usimsa_iosUITestsLaunchTests.swift in Sources */ = {isa = PBXBuildFile; fileRef = 36823BE52B29696600A26180 /* usimsa_iosUITestsLaunchTests.swift */; };
		36823BF42B296C4000A26180 /* MyWebView.swift in Sources */ = {isa = PBXBuildFile; fileRef = 36823BF22B296C4000A26180 /* MyWebView.swift */; };
		36823BF92B296CCE00A26180 /* Assets.xcassets in Resources */ = {isa = PBXBuildFile; fileRef = 36823BF82B296CCE00A26180 /* Assets.xcassets */; };
		36823BFB2B296CE100A26180 /* Launch Screen.storyboard in Resources */ = {isa = PBXBuildFile; fileRef = 36823BFA2B296CE100A26180 /* Launch Screen.storyboard */; };
		36823C042B29700700A26180 /* Preview Content in Resources */ = {isa = PBXBuildFile; fileRef = 36823C032B29700700A26180 /* Preview Content */; };
		36823C442B2993CA00A26180 /* AppDelegate.swift in Sources */ = {isa = PBXBuildFile; fileRef = 36823C432B2993CA00A26180 /* AppDelegate.swift */; };
/* End PBXBuildFile section */

/* Begin PBXContainerItemProxy section */
		36823BD62B29696600A26180 /* PBXContainerItemProxy */ = {
			isa = PBXContainerItemProxy;
			containerPortal = 36823BBD2B29696500A26180 /* Project object */;
			proxyType = 1;
			remoteGlobalIDString = 36823BC42B29696500A26180;
			remoteInfo = "usimsa-ios";
		};
		36823BE02B29696600A26180 /* PBXContainerItemProxy */ = {
			isa = PBXContainerItemProxy;
			containerPortal = 36823BBD2B29696500A26180 /* Project object */;
			proxyType = 1;
			remoteGlobalIDString = 36823BC42B29696500A26180;
			remoteInfo = "usimsa-ios";
		};
/* End PBXContainerItemProxy section */

/* Begin PBXFileReference section */
		36823BC52B29696500A26180 /* usimsa.app */ = {isa = PBXFileReference; explicitFileType = wrapper.application; includeInIndex = 0; path = usimsa.app; sourceTree = BUILT_PRODUCTS_DIR; };
		36823BC82B29696500A26180 /* usimsa_iosApp.swift */ = {isa = PBXFileReference; lastKnownFileType = sourcecode.swift; path = usimsa_iosApp.swift; sourceTree = "<group>"; };
		36823BCA2B29696500A26180 /* ContentView.swift */ = {isa = PBXFileReference; lastKnownFileType = sourcecode.swift; path = ContentView.swift; sourceTree = "<group>"; };
		36823BD52B29696600A26180 /* usimsaTests.xctest */ = {isa = PBXFileReference; explicitFileType = wrapper.cfbundle; includeInIndex = 0; path = usimsaTests.xctest; sourceTree = BUILT_PRODUCTS_DIR; };
		36823BD92B29696600A26180 /* usimsa_iosTests.swift */ = {isa = PBXFileReference; lastKnownFileType = sourcecode.swift; path = usimsa_iosTests.swift; sourceTree = "<group>"; };
		36823BDF2B29696600A26180 /* usimsaUITests.xctest */ = {isa = PBXFileReference; explicitFileType = wrapper.cfbundle; includeInIndex = 0; path = usimsaUITests.xctest; sourceTree = BUILT_PRODUCTS_DIR; };
		36823BE32B29696600A26180 /* usimsa_iosUITests.swift */ = {isa = PBXFileReference; lastKnownFileType = sourcecode.swift; path = usimsa_iosUITests.swift; sourceTree = "<group>"; };
		36823BE52B29696600A26180 /* usimsa_iosUITestsLaunchTests.swift */ = {isa = PBXFileReference; lastKnownFileType = sourcecode.swift; path = usimsa_iosUITestsLaunchTests.swift; sourceTree = "<group>"; };
		36823BF22B296C4000A26180 /* MyWebView.swift */ = {isa = PBXFileReference; fileEncoding = 4; lastKnownFileType = sourcecode.swift; path = MyWebView.swift; sourceTree = "<group>"; };
		36823BF82B296CCE00A26180 /* Assets.xcassets */ = {isa = PBXFileReference; lastKnownFileType = folder.assetcatalog; path = Assets.xcassets; sourceTree = "<group>"; };
		36823BFA2B296CE100A26180 /* Launch Screen.storyboard */ = {isa = PBXFileReference; lastKnownFileType = file.storyboard; path = "Launch Screen.storyboard"; sourceTree = "<group>"; };
		36823C032B29700700A26180 /* Preview Content */ = {isa = PBXFileReference; lastKnownFileType = folder; path = "Preview Content"; sourceTree = "<group>"; };
		36823C432B2993CA00A26180 /* AppDelegate.swift */ = {isa = PBXFileReference; lastKnownFileType = sourcecode.swift; path = AppDelegate.swift; sourceTree = "<group>"; };
/* End PBXFileReference section */

/* Begin PBXFrameworksBuildPhase section */
		36823BC22B29696500A26180 /* Frameworks */ = {
			isa = PBXFrameworksBuildPhase;
			buildActionMask = 2147483647;
			files = (
			);
			runOnlyForDeploymentPostprocessing = 0;
		};
		36823BD22B29696600A26180 /* Frameworks */ = {
			isa = PBXFrameworksBuildPhase;
			buildActionMask = 2147483647;
			files = (
			);
			runOnlyForDeploymentPostprocessing = 0;
		};
		36823BDC2B29696600A26180 /* Frameworks */ = {
			isa = PBXFrameworksBuildPhase;
			buildActionMask = 2147483647;
			files = (
			);
			runOnlyForDeploymentPostprocessing = 0;
		};
/* End PBXFrameworksBuildPhase section */

/* Begin PBXGroup section */
		36823BBC2B29696500A26180 = {
			isa = PBXGroup;
			children = (
				36823BC72B29696500A26180 /* usimsa */,
				36823BD82B29696600A26180 /* usimsa-Tests */,
				36823BE22B29696600A26180 /* usimsa-UITests */,
				36823BC62B29696500A26180 /* Products */,
			);
			sourceTree = "<group>";
		};
		36823BC62B29696500A26180 /* Products */ = {
			isa = PBXGroup;
			children = (
				36823BC52B29696500A26180 /* usimsa.app */,
				36823BD52B29696600A26180 /* usimsaTests.xctest */,
				36823BDF2B29696600A26180 /* usimsaUITests.xctest */,
			);
			name = Products;
			sourceTree = "<group>";
		};
		36823BC72B29696500A26180 /* usimsa */ = {
			isa = PBXGroup;
			children = (
				36823C032B29700700A26180 /* Preview Content */,
				36823BF82B296CCE00A26180 /* Assets.xcassets */,
				36823BF22B296C4000A26180 /* MyWebView.swift */,
				36823BC82B29696500A26180 /* usimsa_iosApp.swift */,
				36823BCA2B29696500A26180 /* ContentView.swift */,
				36823C432B2993CA00A26180 /* AppDelegate.swift */,
				36823BFA2B296CE100A26180 /* Launch Screen.storyboard */,
			);
			path = usimsa;
			sourceTree = "<group>";
		};
		36823BD82B29696600A26180 /* usimsa-Tests */ = {
			isa = PBXGroup;
			children = (
				36823BD92B29696600A26180 /* usimsa_iosTests.swift */,
			);
			path = "usimsa-Tests";
			sourceTree = "<group>";
		};
		36823BE22B29696600A26180 /* usimsa-UITests */ = {
			isa = PBXGroup;
			children = (
				36823BE32B29696600A26180 /* usimsa_iosUITests.swift */,
				36823BE52B29696600A26180 /* usimsa_iosUITestsLaunchTests.swift */,
			);
			path = "usimsa-UITests";
			sourceTree = "<group>";
		};
/* End PBXGroup section */

/* Begin PBXNativeTarget section */
		36823BC42B29696500A26180 /* usimsa */ = {
			isa = PBXNativeTarget;
			buildConfigurationList = 36823BE92B29696600A26180 /* Build configuration list for PBXNativeTarget "usimsa" */;
			buildPhases = (
				36823BC12B29696500A26180 /* Sources */,
				36823BC22B29696500A26180 /* Frameworks */,
				36823BC32B29696500A26180 /* Resources */,
			);
			buildRules = (
			);
			dependencies = (
			);
			name = usimsa;
			productName = "usimsa-ios";
			productReference = 36823BC52B29696500A26180 /* usimsa.app */;
			productType = "com.apple.product-type.application";
		};
		36823BD42B29696600A26180 /* usimsaTests */ = {
			isa = PBXNativeTarget;
			buildConfigurationList = 36823BEC2B29696600A26180 /* Build configuration list for PBXNativeTarget "usimsaTests" */;
			buildPhases = (
				36823BD12B29696600A26180 /* Sources */,
				36823BD22B29696600A26180 /* Frameworks */,
				36823BD32B29696600A26180 /* Resources */,
			);
			buildRules = (
			);
			dependencies = (
				36823BD72B29696600A26180 /* PBXTargetDependency */,
			);
			name = usimsaTests;
			productName = "usimsa-iosTests";
			productReference = 36823BD52B29696600A26180 /* usimsaTests.xctest */;
			productType = "com.apple.product-type.bundle.unit-test";
		};
		36823BDE2B29696600A26180 /* usimsaUITests */ = {
			isa = PBXNativeTarget;
			buildConfigurationList = 36823BEF2B29696600A26180 /* Build configuration list for PBXNativeTarget "usimsaUITests" */;
			buildPhases = (
				36823BDB2B29696600A26180 /* Sources */,
				36823BDC2B29696600A26180 /* Frameworks */,
				36823BDD2B29696600A26180 /* Resources */,
			);
			buildRules = (
			);
			dependencies = (
				36823BE12B29696600A26180 /* PBXTargetDependency */,
			);
			name = usimsaUITests;
			productName = "usimsa-iosUITests";
			productReference = 36823BDF2B29696600A26180 /* usimsaUITests.xctest */;
			productType = "com.apple.product-type.bundle.ui-testing";
		};
/* End PBXNativeTarget section */

/* Begin PBXProject section */
		36823BBD2B29696500A26180 /* Project object */ = {
			isa = PBXProject;
			attributes = {
				BuildIndependentTargetsInParallel = 1;
				LastSwiftUpdateCheck = 1500;
				LastUpgradeCheck = 1500;
				TargetAttributes = {
					36823BC42B29696500A26180 = {
						CreatedOnToolsVersion = 15.0.1;
					};
					36823BD42B29696600A26180 = {
						CreatedOnToolsVersion = 15.0.1;
						TestTargetID = 36823BC42B29696500A26180;
					};
					36823BDE2B29696600A26180 = {
						CreatedOnToolsVersion = 15.0.1;
						TestTargetID = 36823BC42B29696500A26180;
					};
				};
			};
			buildConfigurationList = 36823BC02B29696500A26180 /* Build configuration list for PBXProject "usimsa" */;
			compatibilityVersion = "Xcode 14.0";
			developmentRegion = en;
			hasScannedForEncodings = 0;
			knownRegions = (
				en,
				Base,
			);
			mainGroup = 36823BBC2B29696500A26180;
			productRefGroup = 36823BC62B29696500A26180 /* Products */;
			projectDirPath = "";
			projectRoot = "";
			targets = (
				36823BC42B29696500A26180 /* usimsa */,
				36823BD42B29696600A26180 /* usimsaTests */,
				36823BDE2B29696600A26180 /* usimsaUITests */,
			);
		};
/* End PBXProject section */

/* Begin PBXResourcesBuildPhase section */
		36823BC32B29696500A26180 /* Resources */ = {
			isa = PBXResourcesBuildPhase;
			buildActionMask = 2147483647;
			files = (
				36823C042B29700700A26180 /* Preview Content in Resources */,
				36823BFB2B296CE100A26180 /* Launch Screen.storyboard in Resources */,
				36823BF92B296CCE00A26180 /* Assets.xcassets in Resources */,
			);
			runOnlyForDeploymentPostprocessing = 0;
		};
		36823BD32B29696600A26180 /* Resources */ = {
			isa = PBXResourcesBuildPhase;
			buildActionMask = 2147483647;
			files = (
			);
			runOnlyForDeploymentPostprocessing = 0;
		};
		36823BDD2B29696600A26180 /* Resources */ = {
			isa = PBXResourcesBuildPhase;
			buildActionMask = 2147483647;
			files = (
			);
			runOnlyForDeploymentPostprocessing = 0;
		};
/* End PBXResourcesBuildPhase section */

/* Begin PBXSourcesBuildPhase section */
		36823BC12B29696500A26180 /* Sources */ = {
			isa = PBXSourcesBuildPhase;
			buildActionMask = 2147483647;
			files = (
				36823C442B2993CA00A26180 /* AppDelegate.swift in Sources */,
				36823BCB2B29696500A26180 /* ContentView.swift in Sources */,
				36823BF42B296C4000A26180 /* MyWebView.swift in Sources */,
				36823BC92B29696500A26180 /* usimsa_iosApp.swift in Sources */,
			);
			runOnlyForDeploymentPostprocessing = 0;
		};
		36823BD12B29696600A26180 /* Sources */ = {
			isa = PBXSourcesBuildPhase;
			buildActionMask = 2147483647;
			files = (
				36823BDA2B29696600A26180 /* usimsa_iosTests.swift in Sources */,
			);
			runOnlyForDeploymentPostprocessing = 0;
		};
		36823BDB2B29696600A26180 /* Sources */ = {
			isa = PBXSourcesBuildPhase;
			buildActionMask = 2147483647;
			files = (
				36823BE62B29696600A26180 /* usimsa_iosUITestsLaunchTests.swift in Sources */,
				36823BE42B29696600A26180 /* usimsa_iosUITests.swift in Sources */,
			);
			runOnlyForDeploymentPostprocessing = 0;
		};
/* End PBXSourcesBuildPhase section */

/* Begin PBXTargetDependency section */
		36823BD72B29696600A26180 /* PBXTargetDependency */ = {
			isa = PBXTargetDependency;
			target = 36823BC42B29696500A26180 /* usimsa */;
			targetProxy = 36823BD62B29696600A26180 /* PBXContainerItemProxy */;
		};
		36823BE12B29696600A26180 /* PBXTargetDependency */ = {
			isa = PBXTargetDependency;
			target = 36823BC42B29696500A26180 /* usimsa */;
			targetProxy = 36823BE02B29696600A26180 /* PBXContainerItemProxy */;
		};
/* End PBXTargetDependency section */

/* Begin XCBuildConfiguration section */
		36823BE72B29696600A26180 /* Debug */ = {
			isa = XCBuildConfiguration;
			buildSettings = {
				ALWAYS_SEARCH_USER_PATHS = NO;
				ASSETCATALOG_COMPILER_APPICON_NAME = AppIcon;
				ASSETCATALOG_COMPILER_GENERATE_SWIFT_ASSET_SYMBOL_EXTENSIONS = YES;
				CLANG_ANALYZER_NONNULL = YES;
				CLANG_ANALYZER_NUMBER_OBJECT_CONVERSION = YES_AGGRESSIVE;
				CLANG_CXX_LANGUAGE_STANDARD = "gnu++20";
				CLANG_ENABLE_MODULES = YES;
				CLANG_ENABLE_OBJC_ARC = YES;
				CLANG_ENABLE_OBJC_WEAK = YES;
				CLANG_WARN_BLOCK_CAPTURE_AUTORELEASING = YES;
				CLANG_WARN_BOOL_CONVERSION = YES;
				CLANG_WARN_COMMA = YES;
				CLANG_WARN_CONSTANT_CONVERSION = YES;
				CLANG_WARN_DEPRECATED_OBJC_IMPLEMENTATIONS = YES;
				CLANG_WARN_DIRECT_OBJC_ISA_USAGE = YES_ERROR;
				CLANG_WARN_DOCUMENTATION_COMMENTS = YES;
				CLANG_WARN_EMPTY_BODY = YES;
				CLANG_WARN_ENUM_CONVERSION = YES;
				CLANG_WARN_INFINITE_RECURSION = YES;
				CLANG_WARN_INT_CONVERSION = YES;
				CLANG_WARN_NON_LITERAL_NULL_CONVERSION = YES;
				CLANG_WARN_OBJC_IMPLICIT_RETAIN_SELF = YES;
				CLANG_WARN_OBJC_LITERAL_CONVERSION = YES;
				CLANG_WARN_OBJC_ROOT_CLASS = YES_ERROR;
				CLANG_WARN_QUOTED_INCLUDE_IN_FRAMEWORK_HEADER = YES;
				CLANG_WARN_RANGE_LOOP_ANALYSIS = YES;
				CLANG_WARN_STRICT_PROTOTYPES = YES;
				CLANG_WARN_SUSPICIOUS_MOVE = YES;
				CLANG_WARN_UNGUARDED_AVAILABILITY = YES_AGGRESSIVE;
				CLANG_WARN_UNREACHABLE_CODE = YES;
				CLANG_WARN__DUPLICATE_METHOD_MATCH = YES;
				COPY_PHASE_STRIP = NO;
				DEBUG_INFORMATION_FORMAT = dwarf;
				ENABLE_STRICT_OBJC_MSGSEND = YES;
				ENABLE_TESTABILITY = YES;
				ENABLE_USER_SCRIPT_SANDBOXING = YES;
				GCC_C_LANGUAGE_STANDARD = gnu17;
				GCC_DYNAMIC_NO_PIC = NO;
				GCC_NO_COMMON_BLOCKS = YES;
				GCC_OPTIMIZATION_LEVEL = 0;
				GCC_PREPROCESSOR_DEFINITIONS = (
					"DEBUG=1",
					"$(inherited)",
				);
				GCC_WARN_64_TO_32_BIT_CONVERSION = YES;
				GCC_WARN_ABOUT_RETURN_TYPE = YES_ERROR;
				GCC_WARN_UNDECLARED_SELECTOR = YES;
				GCC_WARN_UNINITIALIZED_AUTOS = YES_AGGRESSIVE;
				GCC_WARN_UNUSED_FUNCTION = YES;
				GCC_WARN_UNUSED_VARIABLE = YES;
				INFOPLIST_KEY_UILaunchStoryboardName = "Launch Screen";
				IPHONEOS_DEPLOYMENT_TARGET = 17.0;
				LOCALIZATION_PREFERS_STRING_CATALOGS = YES;
				MTL_ENABLE_DEBUG_INFO = INCLUDE_SOURCE;
				MTL_FAST_MATH = YES;
				ONLY_ACTIVE_ARCH = YES;
				SDKROOT = iphoneos;
				SWIFT_ACTIVE_COMPILATION_CONDITIONS = "DEBUG $(inherited)";
				SWIFT_OPTIMIZATION_LEVEL = "-Onone";
			};
			name = Debug;
		};
		36823BE82B29696600A26180 /* Release */ = {
			isa = XCBuildConfiguration;
			buildSettings = {
				ALWAYS_SEARCH_USER_PATHS = NO;
				ASSETCATALOG_COMPILER_APPICON_NAME = AppIcon;
				ASSETCATALOG_COMPILER_GENERATE_SWIFT_ASSET_SYMBOL_EXTENSIONS = YES;
				CLANG_ANALYZER_NONNULL = YES;
				CLANG_ANALYZER_NUMBER_OBJECT_CONVERSION = YES_AGGRESSIVE;
				CLANG_CXX_LANGUAGE_STANDARD = "gnu++20";
				CLANG_ENABLE_MODULES = YES;
				CLANG_ENABLE_OBJC_ARC = YES;
				CLANG_ENABLE_OBJC_WEAK = YES;
				CLANG_WARN_BLOCK_CAPTURE_AUTORELEASING = YES;
				CLANG_WARN_BOOL_CONVERSION = YES;
				CLANG_WARN_COMMA = YES;
				CLANG_WARN_CONSTANT_CONVERSION = YES;
				CLANG_WARN_DEPRECATED_OBJC_IMPLEMENTATIONS = YES;
				CLANG_WARN_DIRECT_OBJC_ISA_USAGE = YES_ERROR;
				CLANG_WARN_DOCUMENTATION_COMMENTS = YES;
				CLANG_WARN_EMPTY_BODY = YES;
				CLANG_WARN_ENUM_CONVERSION = YES;
				CLANG_WARN_INFINITE_RECURSION = YES;
				CLANG_WARN_INT_CONVERSION = YES;
				CLANG_WARN_NON_LITERAL_NULL_CONVERSION = YES;
				CLANG_WARN_OBJC_IMPLICIT_RETAIN_SELF = YES;
				CLANG_WARN_OBJC_LITERAL_CONVERSION = YES;
				CLANG_WARN_OBJC_ROOT_CLASS = YES_ERROR;
				CLANG_WARN_QUOTED_INCLUDE_IN_FRAMEWORK_HEADER = YES;
				CLANG_WARN_RANGE_LOOP_ANALYSIS = YES;
				CLANG_WARN_STRICT_PROTOTYPES = YES;
				CLANG_WARN_SUSPICIOUS_MOVE = YES;
				CLANG_WARN_UNGUARDED_AVAILABILITY = YES_AGGRESSIVE;
				CLANG_WARN_UNREACHABLE_CODE = YES;
				CLANG_WARN__DUPLICATE_METHOD_MATCH = YES;
				COPY_PHASE_STRIP = NO;
				DEBUG_INFORMATION_FORMAT = "dwarf-with-dsym";
				ENABLE_NS_ASSERTIONS = NO;
				ENABLE_STRICT_OBJC_MSGSEND = YES;
				ENABLE_USER_SCRIPT_SANDBOXING = YES;
				GCC_C_LANGUAGE_STANDARD = gnu17;
				GCC_NO_COMMON_BLOCKS = YES;
				GCC_WARN_64_TO_32_BIT_CONVERSION = YES;
				GCC_WARN_ABOUT_RETURN_TYPE = YES_ERROR;
				GCC_WARN_UNDECLARED_SELECTOR = YES;
				GCC_WARN_UNINITIALIZED_AUTOS = YES_AGGRESSIVE;
				GCC_WARN_UNUSED_FUNCTION = YES;
				GCC_WARN_UNUSED_VARIABLE = YES;
				INFOPLIST_KEY_UILaunchStoryboardName = "Launch Screen";
				IPHONEOS_DEPLOYMENT_TARGET = 17.0;
				LOCALIZATION_PREFERS_STRING_CATALOGS = YES;
				MTL_ENABLE_DEBUG_INFO = NO;
				MTL_FAST_MATH = YES;
				SDKROOT = iphoneos;
				SWIFT_COMPILATION_MODE = wholemodule;
				VALIDATE_PRODUCT = YES;
			};
			name = Release;
		};
		36823BEA2B29696600A26180 /* Debug */ = {
			isa = XCBuildConfiguration;
			buildSettings = {
				ASSETCATALOG_COMPILER_APPICON_NAME = AppIcon;
				"ASSETCATALOG_COMPILER_APPICON_NAME[sdk=*]" = AppIcon;
				ASSETCATALOG_COMPILER_GLOBAL_ACCENT_COLOR_NAME = AccentColor;
				ASSETCATALOG_COMPILER_INCLUDE_ALL_APPICON_ASSETS = NO;
				CODE_SIGN_STYLE = Automatic;
				CURRENT_PROJECT_VERSION = 1.1.4;
				DEVELOPMENT_ASSET_PATHS = "\"usimsa/Preview Content\"";
				DEVELOPMENT_TEAM = VY5UU9B9MW;
				ENABLE_PREVIEWS = YES;
				GENERATE_INFOPLIST_FILE = YES;
				INFOPLIST_KEY_CFBundleDisplayName = "유심사";
				INFOPLIST_KEY_UIApplicationSceneManifest_Generation = YES;
				INFOPLIST_KEY_UIApplicationSupportsIndirectInputEvents = YES;
				INFOPLIST_KEY_UILaunchScreen_Generation = YES;
				INFOPLIST_KEY_UILaunchStoryboardName = "Launch Screen";
				INFOPLIST_KEY_UISupportedInterfaceOrientations = "UIInterfaceOrientationLandscapeLeft UIInterfaceOrientationLandscapeRight UIInterfaceOrientationPortrait UIInterfaceOrientationPortraitUpsideDown";
				IPHONEOS_DEPLOYMENT_TARGET = 16.0;
				LD_RUNPATH_SEARCH_PATHS = (
					"$(inherited)",
					"@executable_path/Frameworks",
				);
				MARKETING_VERSION = 1.1.4;
				PRODUCT_BUNDLE_IDENTIFIER = com.gadgetkorea.usima;
				PRODUCT_NAME = "$(TARGET_NAME)";
				SUPPORTED_PLATFORMS = "iphoneos iphonesimulator";
				SUPPORTS_MACCATALYST = NO;
				SUPPORTS_MAC_DESIGNED_FOR_IPHONE_IPAD = NO;
				SWIFT_EMIT_LOC_STRINGS = YES;
				SWIFT_VERSION = 5.0;
				TARGETED_DEVICE_FAMILY = "1,2";
			};
			name = Debug;
		};
		36823BEB2B29696600A26180 /* Release */ = {
			isa = XCBuildConfiguration;
			buildSettings = {
				ASSETCATALOG_COMPILER_APPICON_NAME = AppIcon;
				ASSETCATALOG_COMPILER_GLOBAL_ACCENT_COLOR_NAME = AccentColor;
				ASSETCATALOG_COMPILER_INCLUDE_ALL_APPICON_ASSETS = NO;
				CODE_SIGN_STYLE = Automatic;
				CURRENT_PROJECT_VERSION = 1.1.4;
				DEVELOPMENT_ASSET_PATHS = "\"usimsa/Preview Content\"";
				DEVELOPMENT_TEAM = VY5UU9B9MW;
				ENABLE_PREVIEWS = YES;
				GENERATE_INFOPLIST_FILE = YES;
				INFOPLIST_KEY_CFBundleDisplayName = "유심사";
				INFOPLIST_KEY_UIApplicationSceneManifest_Generation = YES;
				INFOPLIST_KEY_UIApplicationSupportsIndirectInputEvents = YES;
				INFOPLIST_KEY_UILaunchScreen_Generation = YES;
				INFOPLIST_KEY_UILaunchStoryboardName = "Launch Screen";
				INFOPLIST_KEY_UISupportedInterfaceOrientations = "UIInterfaceOrientationLandscapeLeft UIInterfaceOrientationLandscapeRight UIInterfaceOrientationPortrait UIInterfaceOrientationPortraitUpsideDown";
				IPHONEOS_DEPLOYMENT_TARGET = 16.0;
				LD_RUNPATH_SEARCH_PATHS = (
					"$(inherited)",
					"@executable_path/Frameworks",
				);
				MARKETING_VERSION = 1.1.4;
				PRODUCT_BUNDLE_IDENTIFIER = com.gadgetkorea.usima;
				PRODUCT_NAME = "$(TARGET_NAME)";
				SUPPORTED_PLATFORMS = "iphoneos iphonesimulator";
				SUPPORTS_MACCATALYST = NO;
				SUPPORTS_MAC_DESIGNED_FOR_IPHONE_IPAD = NO;
				SWIFT_EMIT_LOC_STRINGS = YES;
				SWIFT_VERSION = 5.0;
				TARGETED_DEVICE_FAMILY = "1,2";
			};
			name = Release;
		};
		36823BED2B29696600A26180 /* Debug */ = {
			isa = XCBuildConfiguration;
			buildSettings = {
				ALWAYS_EMBED_SWIFT_STANDARD_LIBRARIES = YES;
				BUNDLE_LOADER = "$(TEST_HOST)";
				CODE_SIGN_STYLE = Automatic;
				CURRENT_PROJECT_VERSION = 1;
				DEVELOPMENT_TEAM = VY5UU9B9MW;
				GENERATE_INFOPLIST_FILE = YES;
				IPHONEOS_DEPLOYMENT_TARGET = 17.0;
				MARKETING_VERSION = 1.0;
				PRODUCT_BUNDLE_IDENTIFIER = "com.gadget.usimsa-iosTests";
				PRODUCT_NAME = "$(TARGET_NAME)";
				SWIFT_EMIT_LOC_STRINGS = NO;
				SWIFT_VERSION = 5.0;
				TARGETED_DEVICE_FAMILY = "1,2";
				TEST_HOST = "$(BUILT_PRODUCTS_DIR)/usimsa.app/$(BUNDLE_EXECUTABLE_FOLDER_PATH)/usimsa";
			};
			name = Debug;
		};
		36823BEE2B29696600A26180 /* Release */ = {
			isa = XCBuildConfiguration;
			buildSettings = {
				ALWAYS_EMBED_SWIFT_STANDARD_LIBRARIES = YES;
				BUNDLE_LOADER = "$(TEST_HOST)";
				CODE_SIGN_STYLE = Automatic;
				CURRENT_PROJECT_VERSION = 1;
				DEVELOPMENT_TEAM = VY5UU9B9MW;
				GENERATE_INFOPLIST_FILE = YES;
				IPHONEOS_DEPLOYMENT_TARGET = 17.0;
				MARKETING_VERSION = 1.0;
				PRODUCT_BUNDLE_IDENTIFIER = "com.gadget.usimsa-iosTests";
				PRODUCT_NAME = "$(TARGET_NAME)";
				SWIFT_EMIT_LOC_STRINGS = NO;
				SWIFT_VERSION = 5.0;
				TARGETED_DEVICE_FAMILY = "1,2";
				TEST_HOST = "$(BUILT_PRODUCTS_DIR)/usimsa.app/$(BUNDLE_EXECUTABLE_FOLDER_PATH)/usimsa";
			};
			name = Release;
		};
		36823BF02B29696600A26180 /* Debug */ = {
			isa = XCBuildConfiguration;
			buildSettings = {
				ALWAYS_EMBED_SWIFT_STANDARD_LIBRARIES = YES;
				CODE_SIGN_STYLE = Automatic;
				CURRENT_PROJECT_VERSION = 1;
				DEVELOPMENT_TEAM = VY5UU9B9MW;
				GENERATE_INFOPLIST_FILE = YES;
				MARKETING_VERSION = 1.0;
				PRODUCT_BUNDLE_IDENTIFIER = "com.gadget.usimsa-iosUITests";
				PRODUCT_NAME = "$(TARGET_NAME)";
				SWIFT_EMIT_LOC_STRINGS = NO;
				SWIFT_VERSION = 5.0;
				TARGETED_DEVICE_FAMILY = "1,2";
				TEST_TARGET_NAME = "usimsa-ios";
			};
			name = Debug;
		};
		36823BF12B29696600A26180 /* Release */ = {
			isa = XCBuildConfiguration;
			buildSettings = {
				ALWAYS_EMBED_SWIFT_STANDARD_LIBRARIES = YES;
				CODE_SIGN_STYLE = Automatic;
				CURRENT_PROJECT_VERSION = 1;
				DEVELOPMENT_TEAM = VY5UU9B9MW;
				GENERATE_INFOPLIST_FILE = YES;
				MARKETING_VERSION = 1.0;
				PRODUCT_BUNDLE_IDENTIFIER = "com.gadget.usimsa-iosUITests";
				PRODUCT_NAME = "$(TARGET_NAME)";
				SWIFT_EMIT_LOC_STRINGS = NO;
				SWIFT_VERSION = 5.0;
				TARGETED_DEVICE_FAMILY = "1,2";
				TEST_TARGET_NAME = "usimsa-ios";
			};
			name = Release;
		};
/* End XCBuildConfiguration section */

/* Begin XCConfigurationList section */
		36823BC02B29696500A26180 /* Build configuration list for PBXProject "usimsa" */ = {
			isa = XCConfigurationList;
			buildConfigurations = (
				36823BE72B29696600A26180 /* Debug */,
				36823BE82B29696600A26180 /* Release */,
			);
			defaultConfigurationIsVisible = 0;
			defaultConfigurationName = Release;
		};
		36823BE92B29696600A26180 /* Build configuration list for PBXNativeTarget "usimsa" */ = {
			isa = XCConfigurationList;
			buildConfigurations = (
				36823BEA2B29696600A26180 /* Debug */,
				36823BEB2B29696600A26180 /* Release */,
			);
			defaultConfigurationIsVisible = 0;
			defaultConfigurationName = Release;
		};
		36823BEC2B29696600A26180 /* Build configuration list for PBXNativeTarget "usimsaTests" */ = {
			isa = XCConfigurationList;
			buildConfigurations = (
				36823BED2B29696600A26180 /* Debug */,
				36823BEE2B29696600A26180 /* Release */,
			);
			defaultConfigurationIsVisible = 0;
			defaultConfigurationName = Release;
		};
		36823BEF2B29696600A26180 /* Build configuration list for PBXNativeTarget "usimsaUITests" */ = {
			isa = XCConfigurationList;
			buildConfigurations = (
				36823BF02B29696600A26180 /* Debug */,
				36823BF12B29696600A26180 /* Release */,
			);
			defaultConfigurationIsVisible = 0;
			defaultConfigurationName = Release;
		};
/* End XCConfigurationList section */
	};
	rootObject = 36823BBD2B29696500A26180 /* Project object */;
}
